
Microsoft Visual Studio Solution File, Format Version 12.00
# Visual Studio 15
VisualStudioVersion = 15.0.28307.757
MinimumVisualStudioVersion = 10.0.40219.1
Project("{FAE04EC0-301F-11D3-BF4B-00C04F79EFBC}") = "20190803GetAreaAndLength", "20190803GetAreaAndLength\20190803GetAreaAndLength.csproj", "{1BA510CB-9DAE-410B-88D2-DCE94793E1C1}"
EndProject
Global
	GlobalSection(SolutionConfigurationPlatforms) = preSolution
		Debug|Any CPU = Debug|Any CPU
		Release|Any CPU = Release|Any CPU
	EndGlobalSection
	GlobalSection(ProjectConfigurationPlatforms) = postSolution
		{1BA510CB-9DAE-410B-88D2-DCE94793E1C1}.Debug|Any CPU.ActiveCfg = Debug|Any CPU
		{1BA510CB-9DAE-410B-88D2-DCE94793E1C1}.Debug|Any CPU.Build.0 = Debug|Any CPU
		{1BA510CB-9DAE-410B-88D2-DCE94793E1C1}.Release|Any CPU.ActiveCfg = Release|Any CPU
		{1BA510CB-9DAE-410B-88D2-DCE94793E1C1}.Release|Any CPU.Build.0 = Release|Any CPU
	EndGlobalSection
	GlobalSection(SolutionProperties) = preSolution
		HideSolutionNode = FALSE
	EndGlobalSection
	GlobalSection(ExtensibilityGlobals) = postSolution
		SolutionGuid = {39B5294D-E0B5-460A-B704-8011E75CBA48}
	EndGlobalSection
EndGlobal
